
Microsoft Visual Studio Solution File, Format Version 12.00
# Visual Studio Version 17
VisualStudioVersion = 17.2.32616.157
MinimumVisualStudioVersion = 10.0.40219.1
Project("{FAE04EC0-301F-11D3-BF4B-00C04F79EFBC}") = "MvcMovie", "MvcMovie\MvcMovie.csproj", "{D11BFED5-846F-4ABA-8A3C-6F1086EEE75A}"
EndProject
Global
	GlobalSection(SolutionConfigurationPlatforms) = preSolution
		Debug|Any CPU = Debug|Any CPU
		Release|Any CPU = Release|Any CPU
	EndGlobalSection
	GlobalSection(ProjectConfigurationPlatforms) = postSolution
		{D11BFED5-846F-4ABA-8A3C-6F1086EEE75A}.Debug|Any CPU.ActiveCfg = Debug|Any CPU
		{D11BFED5-846F-4ABA-8A3C-6F1086EEE75A}.Debug|Any CPU.Build.0 = Debug|Any CPU
		{D11BFED5-846F-4ABA-8A3C-6F1086EEE75A}.Release|Any CPU.ActiveCfg = Release|Any CPU
		{D11BFED5-846F-4ABA-8A3C-6F1086EEE75A}.Release|Any CPU.Build.0 = Release|Any CPU
	EndGlobalSection
	GlobalSection(SolutionProperties) = preSolution
		HideSolutionNode = FALSE
	EndGlobalSection
	GlobalSection(ExtensibilityGlobals) = postSolution
		SolutionGuid = {E37A6E18-2A14-4407-BA4A-EACC441760C1}
	EndGlobalSection
EndGlobal
